{
  "name": "@antchain/cryptofish",
  "version": "0.0.0",
  "lockfileVersion": 1,
  "requires": true,
  "dependencies": {
    "@antchain/myassembly": {
      "version": "0.0.5-alpha.0",
      "resolved": "https://registry.npmmirror.com/@antchain/myassembly/download/@antchain/myassembly-0.0.5-alpha.0.tgz",
      "integrity": "sha512-LNrH7au9ZH8JGZhWr7/7qyzOrqxYn3HHh7BANSgukDsFZ8eHugrEfRxJI5kc+5De9IyaUO0HPg5BfFDQJjeRBw==",
      "requires": {
        "as-variant": "^0.2.1",
        "assemblyscript": "^0.18.32",
        "chalk": "^4.1.2",
        "visitor-as": "^0.6.0"
      },
      "dependencies": {
        "assemblyscript": {
          "version": "0.18.32",
          "resolved": "https://registry.npmmirror.com/assemblyscript/download/assemblyscript-0.18.32.tgz",
          "integrity": "sha1-y7dgdr1NlwL0uq4KKRDJdVyOTs0=",
          "requires": {
            "binaryen": "100.0.0-nightly.20210413",
            "long": "^4.0.0"
          }
        },
        "binaryen": {
          "version": "100.0.0-nightly.20210413",
          "resolved": "https://registry.npmmirror.com/binaryen/download/binaryen-100.0.0-nightly.20210413.tgz",
          "integrity": "sha1-t/Klux92stb5xnSGyiGHFLN2Z5A="
        },
        "long": {
          "version": "4.0.0",
          "resolved": "https://registry.npmmirror.com/long/download/long-4.0.0.tgz",
          "integrity": "sha1-mntxz7fTYaGU6lVSQckvdGjVvyg="
        }
      }
    },
    "@as-covers/assembly": {
      "version": "0.2.0",
      "resolved": "https://registry.npmmirror.com/@as-covers/assembly/download/@as-covers/assembly-0.2.0.tgz",
      "integrity": "sha1-bzNYNEg935GyHaBpVb2GZH+ejbk=",
      "dev": true
    },
    "@as-covers/core": {
      "version": "0.2.1",
      "resolved": "https://registry.npmmirror.com/@as-covers/core/download/@as-covers/core-0.2.1.tgz",
      "integrity": "sha1-NipHGaGQHUFpQfVCW2P6RiiM6OY=",
      "dev": true,
      "requires": {
        "@as-covers/assembly": "^0.2.0",
        "@as-covers/glue": "^0.2.0",
        "@as-covers/transform": "^0.2.1"
      }
    },
    "@as-covers/glue": {
      "version": "0.2.0",
      "resolved": "https://registry.npmmirror.com/@as-covers/glue/download/@as-covers/glue-0.2.0.tgz",
      "integrity": "sha1-yClJG82mQwhyWWdTYe+6MA1HdhU=",
      "dev": true,
      "requires": {
        "csv-stringify": "^5.6.2",
        "table": "^6.7.1"
      }
    },
    "@as-covers/transform": {
      "version": "0.2.1",
      "resolved": "https://registry.npmmirror.com/@as-covers/transform/download/@as-covers/transform-0.2.1.tgz",
      "integrity": "sha1-6jy1Y3FJO6d7V2F2bT70aro218A=",
      "dev": true,
      "requires": {
        "line-column": "^1.0.2",
        "visitor-as": "^0.6.0"
      }
    },
    "@as-pect/assembly": {
      "version": "6.2.0",
      "resolved": "https://registry.npmmirror.com/@as-pect/assembly/download/@as-pect/assembly-6.2.0.tgz",
      "integrity": "sha1-KaDvoXPfMhNUt22SIo5GlEFZupU=",
      "dev": true
    },
    "@as-pect/cli": {
      "version": "6.2.4",
      "resolved": "https://registry.npmmirror.com/@as-pect/cli/download/@as-pect/cli-6.2.4.tgz",
      "integrity": "sha1-g0dtI1pr+5BS54zvJORQwZmukUY=",
      "dev": true,
      "requires": {
        "@as-covers/core": "0.2.1",
        "@as-pect/assembly": "^6.2.0",
        "@as-pect/core": "^6.2.1",
        "@as-pect/csv-reporter": "^6.2.1",
        "@as-pect/json-reporter": "^6.2.1",
        "chalk": "^4.1.1",
        "glob": "^7.1.7"
      }
    },
    "@as-pect/core": {
      "version": "6.2.1",
      "resolved": "https://registry.npmmirror.com/@as-pect/core/download/@as-pect/core-6.2.1.tgz",
      "integrity": "sha1-+h82WOM3UGwZ33lE91qLp7E67Zc=",
      "dev": true,
      "requires": {
        "@as-pect/assembly": "^6.2.0",
        "@as-pect/snapshots": "^6.2.1",
        "chalk": "^4.1.1",
        "long": "^4.0.0"
      },
      "dependencies": {
        "long": {
          "version": "4.0.0",
          "resolved": "https://registry.npmmirror.com/long/download/long-4.0.0.tgz",
          "integrity": "sha1-mntxz7fTYaGU6lVSQckvdGjVvyg=",
          "dev": true
        }
      }
    },
    "@as-pect/csv-reporter": {
      "version": "6.2.1",
      "resolved": "https://registry.npmmirror.com/@as-pect/csv-reporter/download/@as-pect/csv-reporter-6.2.1.tgz",
      "integrity": "sha1-/n4jrC2BHiUZAGzMgvUkWtyq1SY=",
      "dev": true,
      "optional": true,
      "requires": {
        "@as-pect/core": "^6.2.1"
      }
    },
    "@as-pect/json-reporter": {
      "version": "6.2.1",
      "resolved": "https://registry.npmmirror.com/@as-pect/json-reporter/download/@as-pect/json-reporter-6.2.1.tgz",
      "integrity": "sha1-p3wyV67Y5bHlF1UJ+xBGwflIUc8=",
      "dev": true,
      "optional": true,
      "requires": {
        "@as-pect/core": "^6.2.1"
      }
    },
    "@as-pect/snapshots": {
      "version": "6.2.1",
      "resolved": "https://registry.npmmirror.com/@as-pect/snapshots/download/@as-pect/snapshots-6.2.1.tgz",
      "integrity": "sha1-I37TuVjoWz5Seg6fQykoE7bb94k=",
      "dev": true,
      "requires": {
        "diff": "^5.0.0",
        "nearley": "^2.20.1"
      }
    },
    "@assemblyscript/loader": {
      "version": "0.19.22",
      "resolved": "https://registry.npmmirror.com/@assemblyscript/loader/download/@assemblyscript/loader-0.19.22.tgz",
      "integrity": "sha512-ksrMVpPOatD7ZzXCw+c/g3zId5rm8MMnQe7P32dH/qtDrgT9SbQjJYEngRP0YhRF0qrBCga2PtpID7arqphGyg=="
    },
    "ajv": {
      "version": "8.8.2",
      "resolved": "https://registry.npmmirror.com/ajv/download/ajv-8.8.2.tgz",
      "integrity": "sha512-x9VuX+R/jcFj1DHo/fCp99esgGDWiHENrKxaCENuCxpoMCmAt/COCGVDwA7kleEpEzJjDnvh3yGoOuLu0Dtllw==",
      "dev": true,
      "requires": {
        "fast-deep-equal": "^3.1.1",
        "json-schema-traverse": "^1.0.0",
        "require-from-string": "^2.0.2",
        "uri-js": "^4.2.2"
      }
    },
    "ansi-regex": {
      "version": "5.0.1",
      "resolved": "https://registry.npmmirror.com/ansi-regex/download/ansi-regex-5.0.1.tgz",
      "integrity": "sha1-CCyyyJyf6GWaMRpTvWpNxTAdswQ=",
      "dev": true
    },
    "ansi-styles": {
      "version": "4.3.0",
      "resolved": "https://registry.npmmirror.com/ansi-styles/download/ansi-styles-4.3.0.tgz",
      "integrity": "sha1-7dgDYornHATIWuegkG7a00tkiTc=",
      "requires": {
        "color-convert": "^2.0.1"
      }
    },
    "as-variant": {
      "version": "0.2.1",
      "resolved": "https://registry.npmmirror.com/as-variant/download/as-variant-0.2.1.tgz",
      "integrity": "sha1-fzt27+x7VBFY8xkqTd+Q+AQW+vg=",
      "requires": {
        "@assemblyscript/loader": "^0.19.5"
      }
    },
    "assemblyscript": {
      "version": "0.19.22",
      "resolved": "https://registry.npmmirror.com/assemblyscript/download/assemblyscript-0.19.22.tgz",
      "integrity": "sha512-+Rclbx0+BI3qAe9fjc8XGbSUDaayTtjINnD19I4MmfpT2R43c9YTQERP36676shkPxb1fisDFZeSTL65Da8Q2g==",
      "dev": true,
      "requires": {
        "binaryen": "102.0.0-nightly.20211028",
        "long": "^5.2.0",
        "source-map-support": "^0.5.20"
      }
    },
    "astral-regex": {
      "version": "2.0.0",
      "resolved": "https://registry.npmmirror.com/astral-regex/download/astral-regex-2.0.0.tgz",
      "integrity": "sha1-SDFDxWeu7UeFdZwIZXhtx319LjE=",
      "dev": true
    },
    "balanced-match": {
      "version": "1.0.2",
      "resolved": "https://registry.npmmirror.com/balanced-match/download/balanced-match-1.0.2.tgz",
      "integrity": "sha1-6D46fj8wCzTLnYf2FfoMvzV2kO4=",
      "dev": true
    },
    "binaryen": {
      "version": "102.0.0-nightly.20211028",
      "resolved": "https://registry.npmmirror.com/binaryen/download/binaryen-102.0.0-nightly.20211028.tgz",
      "integrity": "sha1-jx77CSCv00UJ40Ljf4QxPsk2r7I=",
      "dev": true
    },
    "brace-expansion": {
      "version": "1.1.11",
      "resolved": "https://registry.npmmirror.com/brace-expansion/download/brace-expansion-1.1.11.tgz",
      "integrity": "sha1-PH/L9SnYcibz0vUrlm/1Jx60Qd0=",
      "dev": true,
      "requires": {
        "balanced-match": "^1.0.0",
        "concat-map": "0.0.1"
      }
    },
    "buffer-from": {
      "version": "1.1.2",
      "resolved": "https://registry.npmmirror.com/buffer-from/download/buffer-from-1.1.2.tgz?cache=0&sync_timestamp=1632755025594&other_urls=https%3A%2F%2Fregistry.npmmirror.com%2Fbuffer-from%2Fdownload%2Fbuffer-from-1.1.2.tgz",
      "integrity": "sha1-KxRqb9cugLT1XSVfNe1Zo6mkG9U=",
      "dev": true
    },
    "chalk": {
      "version": "4.1.2",
      "resolved": "https://registry.npmmirror.com/chalk/download/chalk-4.1.2.tgz",
      "integrity": "sha1-qsTit3NKdAhnrrFr8CqtVWoeegE=",
      "requires": {
        "ansi-styles": "^4.1.0",
        "supports-color": "^7.1.0"
      }
    },
    "color-convert": {
      "version": "2.0.1",
      "resolved": "https://registry.npmmirror.com/color-convert/download/color-convert-2.0.1.tgz",
      "integrity": "sha1-ctOmjVmMm9s68q0ehPIdiWq9TeM=",
      "requires": {
        "color-name": "~1.1.4"
      }
    },
    "color-name": {
      "version": "1.1.4",
      "resolved": "https://registry.npmmirror.com/color-name/download/color-name-1.1.4.tgz",
      "integrity": "sha1-wqCah6y95pVD3m9j+jmVyCbFNqI="
    },
    "commander": {
      "version": "2.20.3",
      "resolved": "https://registry.npmmirror.com/commander/download/commander-2.20.3.tgz",
      "integrity": "sha512-GpVkmM8vF2vQUkj2LvZmD35JxeJOLCwJ9cUkugyk2nuhbv3+mJvpLYYt+0+USMxE+oj+ey/lJEnhZw75x/OMcQ==",
      "dev": true
    },
    "concat-map": {
      "version": "0.0.1",
      "resolved": "https://registry.npmmirror.com/concat-map/download/concat-map-0.0.1.tgz",
      "integrity": "sha1-2Klr13/Wjfd5OnMDajug1UBdR3s=",
      "dev": true
    },
    "csv-stringify": {
      "version": "5.6.5",
      "resolved": "https://registry.npmmirror.com/csv-stringify/download/csv-stringify-5.6.5.tgz",
      "integrity": "sha1-xtdLrdpLSaeb9Ocvkczh4zuU3gA=",
      "dev": true
    },
    "diff": {
      "version": "5.0.0",
      "resolved": "https://registry.npmmirror.com/diff/download/diff-5.0.0.tgz",
      "integrity": "sha1-ftatdthZ0DB4fsNYVfWx2vMdhSs=",
      "dev": true
    },
    "discontinuous-range": {
      "version": "1.0.0",
      "resolved": "https://registry.npmmirror.com/discontinuous-range/download/discontinuous-range-1.0.0.tgz",
      "integrity": "sha1-44Mx8IRLukm5qctxx3FYWqsbxlo=",
      "dev": true
    },
    "emoji-regex": {
      "version": "8.0.0",
      "resolved": "https://registry.npmmirror.com/emoji-regex/download/emoji-regex-8.0.0.tgz",
      "integrity": "sha1-6Bj9ac5cz8tARZT4QpY79TFkzDc=",
      "dev": true
    },
    "fast-deep-equal": {
      "version": "3.1.3",
      "resolved": "https://registry.npmmirror.com/fast-deep-equal/download/fast-deep-equal-3.1.3.tgz",
      "integrity": "sha1-On1WtVnWy8PrUSMlJE5hmmXGxSU=",
      "dev": true
    },
    "fs.realpath": {
      "version": "1.0.0",
      "resolved": "https://registry.npmmirror.com/fs.realpath/download/fs.realpath-1.0.0.tgz",
      "integrity": "sha1-FQStJSMVjKpA20onh8sBQRmU6k8=",
      "dev": true
    },
    "glob": {
      "version": "7.2.0",
      "resolved": "https://registry.npmmirror.com/glob/download/glob-7.2.0.tgz",
      "integrity": "sha1-0VU1r3cy4C6Uj0xBYovZECk/YCM=",
      "dev": true,
      "requires": {
        "fs.realpath": "^1.0.0",
        "inflight": "^1.0.4",
        "inherits": "2",
        "minimatch": "^3.0.4",
        "once": "^1.3.0",
        "path-is-absolute": "^1.0.0"
      }
    },
    "has-flag": {
      "version": "4.0.0",
      "resolved": "https://registry.npmmirror.com/has-flag/download/has-flag-4.0.0.tgz",
      "integrity": "sha1-lEdx/ZyByBJlxNaUGGDaBrtZR5s="
    },
    "inflight": {
      "version": "1.0.6",
      "resolved": "https://registry.npmmirror.com/inflight/download/inflight-1.0.6.tgz",
      "integrity": "sha1-Sb1jMdfQLQwJvJEKEHW6gWW1bfk=",
      "dev": true,
      "requires": {
        "once": "^1.3.0",
        "wrappy": "1"
      }
    },
    "inherits": {
      "version": "2.0.4",
      "resolved": "https://registry.npmmirror.com/inherits/download/inherits-2.0.4.tgz",
      "integrity": "sha1-D6LGT5MpF8NDOg3tVTY6rjdBa3w=",
      "dev": true
    },
    "is-fullwidth-code-point": {
      "version": "3.0.0",
      "resolved": "https://registry.npmmirror.com/is-fullwidth-code-point/download/is-fullwidth-code-point-3.0.0.tgz",
      "integrity": "sha1-8Rb4Bk/pCz94RKOJl8C3UFEmnx0=",
      "dev": true
    },
    "isarray": {
      "version": "1.0.0",
      "resolved": "https://registry.npmmirror.com/isarray/download/isarray-1.0.0.tgz",
      "integrity": "sha1-u5NdSFgsuhaMBoNJV6VKPgcSTxE=",
      "dev": true
    },
    "isobject": {
      "version": "2.1.0",
      "resolved": "https://registry.npmmirror.com/isobject/download/isobject-2.1.0.tgz",
      "integrity": "sha1-8GVWEJaj8dou9GJy+BXIQNh+DIk=",
      "dev": true,
      "requires": {
        "isarray": "1.0.0"
      }
    },
    "json-schema-traverse": {
      "version": "1.0.0",
      "resolved": "https://registry.npmmirror.com/json-schema-traverse/download/json-schema-traverse-1.0.0.tgz",
      "integrity": "sha1-rnvLNlard6c7pcSb9lTzjmtoYOI=",
      "dev": true
    },
    "line-column": {
      "version": "1.0.2",
      "resolved": "https://registry.npmmirror.com/line-column/download/line-column-1.0.2.tgz",
      "integrity": "sha1-0lryk2tvSEkXKzEuR5LR2Ye8NKI=",
      "dev": true,
      "requires": {
        "isarray": "^1.0.0",
        "isobject": "^2.0.0"
      }
    },
    "lodash.clonedeep": {
      "version": "4.5.0",
      "resolved": "https://registry.npmmirror.com/lodash.clonedeep/download/lodash.clonedeep-4.5.0.tgz",
      "integrity": "sha1-4j8/nE+Pvd6HJSnBBxhXoIblzO8="
    },
    "lodash.truncate": {
      "version": "4.4.2",
      "resolved": "https://registry.npmmirror.com/lodash.truncate/download/lodash.truncate-4.4.2.tgz",
      "integrity": "sha1-WjUNoLERO4N+z//VgSy+WNbq4ZM=",
      "dev": true
    },
    "long": {
      "version": "5.2.0",
      "resolved": "https://registry.npmmirror.com/long/download/long-5.2.0.tgz",
      "integrity": "sha512-9RTUNjK60eJbx3uz+TEGF7fUr29ZDxR5QzXcyDpeSfeH28S9ycINflOgOlppit5U+4kNTe83KQnMEerw7GmE8w==",
      "dev": true
    },
    "minimatch": {
      "version": "3.0.4",
      "resolved": "https://registry.npmmirror.com/minimatch/download/minimatch-3.0.4.tgz",
      "integrity": "sha1-UWbihkV/AzBgZL5Ul+jbsMPTIIM=",
      "dev": true,
      "requires": {
        "brace-expansion": "^1.1.7"
      }
    },
    "moo": {
      "version": "0.5.1",
      "resolved": "https://registry.npmmirror.com/moo/download/moo-0.5.1.tgz",
      "integrity": "sha1-eq5/OEubCfYgtqv29067zRtl28Q=",
      "dev": true
    },
    "nearley": {
      "version": "2.20.1",
      "resolved": "https://registry.npmmirror.com/nearley/download/nearley-2.20.1.tgz",
      "integrity": "sha1-JGzTPv8NAS+vGX/2d016x4rN1HQ=",
      "dev": true,
      "requires": {
        "commander": "^2.19.0",
        "moo": "^0.5.0",
        "railroad-diagrams": "^1.0.0",
        "randexp": "0.4.6"
      }
    },
    "once": {
      "version": "1.4.0",
      "resolved": "https://registry.npmmirror.com/once/download/once-1.4.0.tgz",
      "integrity": "sha1-WDsap3WWHUsROsF9nFC6753Xa9E=",
      "dev": true,
      "requires": {
        "wrappy": "1"
      }
    },
    "path-is-absolute": {
      "version": "1.0.1",
      "resolved": "https://registry.npmmirror.com/path-is-absolute/download/path-is-absolute-1.0.1.tgz",
      "integrity": "sha1-F0uSaHNVNP+8es5r9TpanhtcX18=",
      "dev": true
    },
    "punycode": {
      "version": "2.1.1",
      "resolved": "https://registry.npmmirror.com/punycode/download/punycode-2.1.1.tgz",
      "integrity": "sha1-tYsBCsQMIsVldhbI0sLALHv0eew=",
      "dev": true
    },
    "railroad-diagrams": {
      "version": "1.0.0",
      "resolved": "https://registry.npmmirror.com/railroad-diagrams/download/railroad-diagrams-1.0.0.tgz",
      "integrity": "sha1-635iZ1SN3t+4mcG5Dlc3RVnN234=",
      "dev": true
    },
    "randexp": {
      "version": "0.4.6",
      "resolved": "https://registry.npmmirror.com/randexp/download/randexp-0.4.6.tgz",
      "integrity": "sha1-6YatXl4x2uE93W97MBmqfIf2DKM=",
      "dev": true,
      "requires": {
        "discontinuous-range": "1.0.0",
        "ret": "~0.1.10"
      }
    },
    "require-from-string": {
      "version": "2.0.2",
      "resolved": "https://registry.npmmirror.com/require-from-string/download/require-from-string-2.0.2.tgz",
      "integrity": "sha1-iaf92TgmEmcxjq/hT5wy5ZjDaQk=",
      "dev": true
    },
    "ret": {
      "version": "0.1.15",
      "resolved": "https://registry.npmmirror.com/ret/download/ret-0.1.15.tgz",
      "integrity": "sha1-uKSCXVvbH8P29Twrwz+BOIaBx7w=",
      "dev": true
    },
    "slice-ansi": {
      "version": "4.0.0",
      "resolved": "https://registry.npmmirror.com/slice-ansi/download/slice-ansi-4.0.0.tgz",
      "integrity": "sha1-UA6N0P1VsFgVCGJVsxla3ypF/ms=",
      "dev": true,
      "requires": {
        "ansi-styles": "^4.0.0",
        "astral-regex": "^2.0.0",
        "is-fullwidth-code-point": "^3.0.0"
      }
    },
    "source-map": {
      "version": "0.6.1",
      "resolved": "https://registry.npmmirror.com/source-map/download/source-map-0.6.1.tgz?cache=0&sync_timestamp=1632388784710&other_urls=https%3A%2F%2Fregistry.npmmirror.com%2Fsource-map%2Fdownload%2Fsource-map-0.6.1.tgz",
      "integrity": "sha1-dHIq8y6WFOnCh6jQu95IteLxomM=",
      "dev": true
    },
    "source-map-support": {
      "version": "0.5.21",
      "resolved": "https://registry.npmmirror.com/source-map-support/download/source-map-support-0.5.21.tgz?cache=0&sync_timestamp=1637320322789&other_urls=https%3A%2F%2Fregistry.npmmirror.com%2Fsource-map-support%2Fdownload%2Fsource-map-support-0.5.21.tgz",
      "integrity": "sha512-uBHU3L3czsIyYXKX88fdrGovxdSCoTGDRZ6SYXtSRxLZUzHg5P/66Ht6uoUlHu9EZod+inXhKo3qQgwXUT/y1w==",
      "dev": true,
      "requires": {
        "buffer-from": "^1.0.0",
        "source-map": "^0.6.0"
      }
    },
    "string-width": {
      "version": "4.2.3",
      "resolved": "https://registry.npmmirror.com/string-width/download/string-width-4.2.3.tgz",
      "integrity": "sha1-JpxxF9J7Ba0uU2gwqOyJXvnG0BA=",
      "dev": true,
      "requires": {
        "emoji-regex": "^8.0.0",
        "is-fullwidth-code-point": "^3.0.0",
        "strip-ansi": "^6.0.1"
      }
    },
    "strip-ansi": {
      "version": "6.0.1",
      "resolved": "https://registry.npmmirror.com/strip-ansi/download/strip-ansi-6.0.1.tgz",
      "integrity": "sha1-nibGPTD1NEPpSJSVshBdN7Z6hdk=",
      "dev": true,
      "requires": {
        "ansi-regex": "^5.0.1"
      }
    },
    "supports-color": {
      "version": "7.2.0",
      "resolved": "https://registry.npmmirror.com/supports-color/download/supports-color-7.2.0.tgz",
      "integrity": "sha1-G33NyzK4E4gBs+R4umpRyqiWSNo=",
      "requires": {
        "has-flag": "^4.0.0"
      }
    },
    "table": {
      "version": "6.7.5",
      "resolved": "https://registry.npmmirror.com/table/download/table-6.7.5.tgz",
      "integrity": "sha512-LFNeryOqiQHqCVKzhkymKwt6ozeRhlm8IL1mE8rNUurkir4heF6PzMyRgaTa4tlyPTGGgXuvVOF/OLWiH09Lqw==",
      "dev": true,
      "requires": {
        "ajv": "^8.0.1",
        "lodash.truncate": "^4.4.2",
        "slice-ansi": "^4.0.0",
        "string-width": "^4.2.3",
        "strip-ansi": "^6.0.1"
      }
    },
    "ts-mixer": {
      "version": "5.4.1",
      "resolved": "https://registry.npmmirror.com/ts-mixer/download/ts-mixer-5.4.1.tgz",
      "integrity": "sha1-uQ25ztSFMaoXzpGEookNHjyZseU="
    },
    "uri-js": {
      "version": "4.4.1",
      "resolved": "https://registry.npmmirror.com/uri-js/download/uri-js-4.4.1.tgz",
      "integrity": "sha1-mxpSWVIlhZ5V9mnZKPiMbFfyp34=",
      "dev": true,
      "requires": {
        "punycode": "^2.1.0"
      }
    },
    "visitor-as": {
      "version": "0.6.0",
      "resolved": "https://registry.npmmirror.com/visitor-as/download/visitor-as-0.6.0.tgz",
      "integrity": "sha1-sMyjyRi9nTllRfrwhSnSubqWikA=",
      "requires": {
        "lodash.clonedeep": "^4.5.0",
        "ts-mixer": "^5.4.1"
      }
    },
    "wrappy": {
      "version": "1.0.2",
      "resolved": "https://registry.npmmirror.com/wrappy/download/wrappy-1.0.2.tgz",
      "integrity": "sha1-tSQ9jz7BqjXxNkYFvA0QNuMKtp8=",
      "dev": true
    }
  }
}
