{
  "name": "@antchain/cryptofish",
  "version": "0.0.0",
  "lockfileVersion": 1,
  "requires": true,
  "dependencies": {
    "@antchain/myassembly": {
      "version": "0.0.5-alpha.0",
      "resolved": "https://registry.npmmirror.com/@antchain/myassembly/download/@antchain/myassembly-0.0.5-alpha.0.tgz",
      "integrity": "sha512-LNrH7au9ZH8JGZhWr7/7qyzOrqxYn3HHh7BANSgukDsFZ8eHugrEfRxJI5kc+5De9IyaUO0HPg5BfFDQJjeRBw==",
      "requires": {
        "as-variant": "^0.2.1",
        "assemblyscript": "^0.18.32",
        "chalk": "^4.1.2",
        "visitor-as": "^0.6.0"
      },
      "dependencies": {
        "assemblyscript": {
          "version": "0.18.32",
          "resolved": "https://registry.npmmirror.com/assemblyscript/download/assemblyscript-0.18.32.tgz",
          "integrity": "sha1-y7dgdr1NlwL0uq4KKRDJdVyOTs0=",
          "requires": {
            "binaryen": "100.0.0-nightly.20210413",
            "long": "^4.0.0"
          }
        },
        "binaryen": {
          "version": "100.0.0-nightly.20210413",
          "resolved": "https://registry.npmmirror.com/binaryen/download/binaryen-100.0.0-nightly.20210413.tgz",
          "integrity": "sha1-t/Klux92stb5xnSGyiGHFLN2Z5A="
        },
        "long": {
          "version": "4.0.0",
          "resolved": "https://registry.npmmirror.com/long/download/long-4.0.0.tgz",
          "integrity": "sha1-mntxz7fTYaGU6lVSQckvdGjVvyg="
        }
      }
    },
    "@assemblyscript/loader": {
      "version": "0.19.22",
      "resolved": "https://registry.npmmirror.com/@assemblyscript/loader/download/@assemblyscript/loader-0.19.22.tgz",
      "integrity": "sha512-ksrMVpPOatD7ZzXCw+c/g3zId5rm8MMnQe7P32dH/qtDrgT9SbQjJYEngRP0YhRF0qrBCga2PtpID7arqphGyg=="
    },
    "ansi-styles": {
      "version": "4.3.0",
      "resolved": "https://registry.npmmirror.com/ansi-styles/download/ansi-styles-4.3.0.tgz",
      "integrity": "sha1-7dgDYornHATIWuegkG7a00tkiTc=",
      "requires": {
        "color-convert": "^2.0.1"
      }
    },
    "as-variant": {
      "version": "0.2.1",
      "resolved": "https://registry.npmmirror.com/as-variant/download/as-variant-0.2.1.tgz",
      "integrity": "sha1-fzt27+x7VBFY8xkqTd+Q+AQW+vg=",
      "requires": {
        "@assemblyscript/loader": "^0.19.5"
      }
    },
    "assemblyscript": {
      "version": "0.19.22",
      "resolved": "https://registry.npmmirror.com/assemblyscript/download/assemblyscript-0.19.22.tgz",
      "integrity": "sha512-+Rclbx0+BI3qAe9fjc8XGbSUDaayTtjINnD19I4MmfpT2R43c9YTQERP36676shkPxb1fisDFZeSTL65Da8Q2g==",
      "dev": true,
      "requires": {
        "binaryen": "102.0.0-nightly.20211028",
        "long": "^5.2.0",
        "source-map-support": "^0.5.20"
      }
    },
    "binaryen": {
      "version": "102.0.0-nightly.20211028",
      "resolved": "https://registry.npmmirror.com/binaryen/download/binaryen-102.0.0-nightly.20211028.tgz",
      "integrity": "sha1-jx77CSCv00UJ40Ljf4QxPsk2r7I=",
      "dev": true
    },
    "buffer-from": {
      "version": "1.1.2",
      "resolved": "https://registry.npmmirror.com/buffer-from/download/buffer-from-1.1.2.tgz?cache=0&sync_timestamp=1632755025594&other_urls=https%3A%2F%2Fregistry.npmmirror.com%2Fbuffer-from%2Fdownload%2Fbuffer-from-1.1.2.tgz",
      "integrity": "sha1-KxRqb9cugLT1XSVfNe1Zo6mkG9U=",
      "dev": true
    },
    "chalk": {
      "version": "4.1.2",
      "resolved": "https://registry.npmmirror.com/chalk/download/chalk-4.1.2.tgz",
      "integrity": "sha1-qsTit3NKdAhnrrFr8CqtVWoeegE=",
      "requires": {
        "ansi-styles": "^4.1.0",
        "supports-color": "^7.1.0"
      }
    },
    "color-convert": {
      "version": "2.0.1",
      "resolved": "https://registry.npmmirror.com/color-convert/download/color-convert-2.0.1.tgz",
      "integrity": "sha1-ctOmjVmMm9s68q0ehPIdiWq9TeM=",
      "requires": {
        "color-name": "~1.1.4"
      }
    },
    "color-name": {
      "version": "1.1.4",
      "resolved": "https://registry.npmmirror.com/color-name/download/color-name-1.1.4.tgz",
      "integrity": "sha1-wqCah6y95pVD3m9j+jmVyCbFNqI="
    },
    "has-flag": {
      "version": "4.0.0",
      "resolved": "https://registry.npmmirror.com/has-flag/download/has-flag-4.0.0.tgz",
      "integrity": "sha1-lEdx/ZyByBJlxNaUGGDaBrtZR5s="
    },
    "lodash.clonedeep": {
      "version": "4.5.0",
      "resolved": "https://registry.npmmirror.com/lodash.clonedeep/download/lodash.clonedeep-4.5.0.tgz",
      "integrity": "sha1-4j8/nE+Pvd6HJSnBBxhXoIblzO8="
    },
    "long": {
      "version": "5.2.0",
      "resolved": "https://registry.npmmirror.com/long/download/long-5.2.0.tgz",
      "integrity": "sha512-9RTUNjK60eJbx3uz+TEGF7fUr29ZDxR5QzXcyDpeSfeH28S9ycINflOgOlppit5U+4kNTe83KQnMEerw7GmE8w==",
      "dev": true
    },
    "source-map": {
      "version": "0.6.1",
      "resolved": "https://registry.npmmirror.com/source-map/download/source-map-0.6.1.tgz?cache=0&sync_timestamp=1632388784710&other_urls=https%3A%2F%2Fregistry.npmmirror.com%2Fsource-map%2Fdownload%2Fsource-map-0.6.1.tgz",
      "integrity": "sha1-dHIq8y6WFOnCh6jQu95IteLxomM=",
      "dev": true
    },
    "source-map-support": {
      "version": "0.5.21",
      "resolved": "https://registry.npmmirror.com/source-map-support/download/source-map-support-0.5.21.tgz?cache=0&sync_timestamp=1637320322789&other_urls=https%3A%2F%2Fregistry.npmmirror.com%2Fsource-map-support%2Fdownload%2Fsource-map-support-0.5.21.tgz",
      "integrity": "sha512-uBHU3L3czsIyYXKX88fdrGovxdSCoTGDRZ6SYXtSRxLZUzHg5P/66Ht6uoUlHu9EZod+inXhKo3qQgwXUT/y1w==",
      "dev": true,
      "requires": {
        "buffer-from": "^1.0.0",
        "source-map": "^0.6.0"
      }
    },
    "supports-color": {
      "version": "7.2.0",
      "resolved": "https://registry.npmmirror.com/supports-color/download/supports-color-7.2.0.tgz",
      "integrity": "sha1-G33NyzK4E4gBs+R4umpRyqiWSNo=",
      "requires": {
        "has-flag": "^4.0.0"
      }
    },
    "ts-mixer": {
      "version": "5.4.1",
      "resolved": "https://registry.npmmirror.com/ts-mixer/download/ts-mixer-5.4.1.tgz",
      "integrity": "sha1-uQ25ztSFMaoXzpGEookNHjyZseU="
    },
    "visitor-as": {
      "version": "0.6.0",
      "resolved": "https://registry.npmmirror.com/visitor-as/download/visitor-as-0.6.0.tgz",
      "integrity": "sha1-sMyjyRi9nTllRfrwhSnSubqWikA=",
      "requires": {
        "lodash.clonedeep": "^4.5.0",
        "ts-mixer": "^5.4.1"
      }
    }
  }
}
